
Microsoft Visual Studio Solution File, Format Version 12.00
# Visual Studio Version 16
VisualStudioVersion = 16.0.30611.23
MinimumVisualStudioVersion = 10.0.40219.1
Project("{FAE04EC0-301F-11D3-BF4B-00C04F79EFBC}") = "CIS_2225_Final_Practical_Mohammad_Rahman", "CIS_2225_Final_Practical_Mohammad_Rahman\CIS_2225_Final_Practical_Mohammad_Rahman.csproj", "{62A1C4F8-0785-4EDC-9D78-329D9B07794A}"
EndProject
Global
	GlobalSection(SolutionConfigurationPlatforms) = preSolution
		Debug|Any CPU = Debug|Any CPU
		Release|Any CPU = Release|Any CPU
	EndGlobalSection
	GlobalSection(ProjectConfigurationPlatforms) = postSolution
		{62A1C4F8-0785-4EDC-9D78-329D9B07794A}.Debug|Any CPU.ActiveCfg = Debug|Any CPU
		{62A1C4F8-0785-4EDC-9D78-329D9B07794A}.Debug|Any CPU.Build.0 = Debug|Any CPU
		{62A1C4F8-0785-4EDC-9D78-329D9B07794A}.Release|Any CPU.ActiveCfg = Release|Any CPU
		{62A1C4F8-0785-4EDC-9D78-329D9B07794A}.Release|Any CPU.Build.0 = Release|Any CPU
	EndGlobalSection
	GlobalSection(SolutionProperties) = preSolution
		HideSolutionNode = FALSE
	EndGlobalSection
	GlobalSection(ExtensibilityGlobals) = postSolution
		SolutionGuid = {F9F6CFA4-7F26-4BF9-BBBB-3DBC615BE1EE}
	EndGlobalSection
EndGlobal
