
Microsoft Visual Studio Solution File, Format Version 12.00
# Visual Studio Version 16
VisualStudioVersion = 16.0.30611.23
MinimumVisualStudioVersion = 10.0.40219.1
Project("{FAE04EC0-301F-11D3-BF4B-00C04F79EFBC}") = "CIS_2225_T4_Rahman_Mohammad", "CIS_2225_T4_Rahman_Mohammad\CIS_2225_T4_Rahman_Mohammad.csproj", "{987014D3-86BE-408B-A90D-9FE1EE3B1598}"
EndProject
Global
	GlobalSection(SolutionConfigurationPlatforms) = preSolution
		Debug|Any CPU = Debug|Any CPU
		Release|Any CPU = Release|Any CPU
	EndGlobalSection
	GlobalSection(ProjectConfigurationPlatforms) = postSolution
		{987014D3-86BE-408B-A90D-9FE1EE3B1598}.Debug|Any CPU.ActiveCfg = Debug|Any CPU
		{987014D3-86BE-408B-A90D-9FE1EE3B1598}.Debug|Any CPU.Build.0 = Debug|Any CPU
		{987014D3-86BE-408B-A90D-9FE1EE3B1598}.Release|Any CPU.ActiveCfg = Release|Any CPU
		{987014D3-86BE-408B-A90D-9FE1EE3B1598}.Release|Any CPU.Build.0 = Release|Any CPU
	EndGlobalSection
	GlobalSection(SolutionProperties) = preSolution
		HideSolutionNode = FALSE
	EndGlobalSection
	GlobalSection(ExtensibilityGlobals) = postSolution
		SolutionGuid = {0741F5B9-F9A4-4A4C-B756-AC071EB545C1}
	EndGlobalSection
EndGlobal
